{
  "originHash" : "07bd3651c8b135e67228d777711328ab2aa2b51bbdb3b35fca149d83b0fba74c",
  "pins" : [
    {
      "identity" : "snapkit",
      "kind" : "remoteSourceControl",
      "location" : "https://github.com/SnapKit/SnapKit",
      "state" : {
        "revision" : "2842e6e84e82eb9a8dac0100ca90d9444b0307f4",
        "version" : "5.7.1"
      }
    },
    {
      "identity" : "stevia",
      "kind" : "remoteSourceControl",
      "location" : "https://github.com/freshOS/Stevia",
      "state" : {
        "revision" : "090ffddd48f2f64f5c17a74f0cc61fe9387d71a5",
        "version" : "5.1.4"
      }
    },
    {
      "identity" : "ztchain",
      "kind" : "remoteSourceControl",
      "location" : "https://github.com/willonboy/ZTChain",
      "state" : {
        "branch" : "main",
        "revision" : "e24519da1b91dad33a2e7575f6f5511dc446bdd3"
      }
    },
    {
      "identity" : "ztstyle",
      "kind" : "remoteSourceControl",
      "location" : "https://github.com/willonboy/ZTStyle",
      "state" : {
        "branch" : "main",
        "revision" : "b70a26846ee6807b3e280f484dabe6fcffccab9e"
      }
    }
  ],
  "version" : 3
}
