{
  "pins" : [
    {
      "identity" : "snapkit",
      "kind" : "remoteSourceControl",
      "location" : "https://github.com/SnapKit/SnapKit",
      "state" : {
        "revision" : "2842e6e84e82eb9a8dac0100ca90d9444b0307f4",
        "version" : "5.7.1"
      }
    },
    {
      "identity" : "stevia",
      "kind" : "remoteSourceControl",
      "location" : "https://github.com/freshOS/Stevia",
      "state" : {
        "revision" : "090ffddd48f2f64f5c17a74f0cc61fe9387d71a5",
        "version" : "5.1.4"
      }
    },
    {
      "identity" : "ztchain",
      "kind" : "remoteSourceControl",
      "location" : "https://github.com/willonboy/ZTChain",
      "state" : {
        "revision" : "5d295f987c835f0e207ffcbc3e6ea0c76106c767",
        "version" : "1.0.4"
      }
    },
    {
      "identity" : "ztstyle",
      "kind" : "remoteSourceControl",
      "location" : "https://github.com/willonboy/ZTStyle",
      "state" : {
        "revision" : "c2dc02bb278a439c0aa95eeb2ec6f0e8b29fc346",
        "version" : "2.0.0"
      }
    },
    {
      "identity" : "ztuikitext",
      "kind" : "remoteSourceControl",
      "location" : "https://github.com/willonboy/ZTUIKitExt",
      "state" : {
        "branch" : "main",
        "revision" : "6160c8cdb8de1da59bfd7e7fa591471b42183727"
      }
    }
  ],
  "version" : 2
}
